
Microsoft Visual Studio Solution File, Format Version 12.00
# Visual Studio 2013
VisualStudioVersion = 12.0.21005.1
MinimumVisualStudioVersion = 10.0.40219.1
Project("{FAE04EC0-301F-11D3-BF4B-00C04F79EFBC}") = "Todo.Api", "Todo.Api\Todo.Api.csproj", "{5B36C008-E945-41AC-9653-8DD6E62B40F8}"
EndProject
Project("{FAE04EC0-301F-11D3-BF4B-00C04F79EFBC}") = "Todo.Api.Test", "Todo.Api.Test\Todo.Api.Test.csproj", "{BAE62ACC-6DC7-4CE7-8661-76CFFDC7B611}"
EndProject
Global
	GlobalSection(SolutionConfigurationPlatforms) = preSolution
		Debug|Any CPU = Debug|Any CPU
		Release|Any CPU = Release|Any CPU
	EndGlobalSection
	GlobalSection(ProjectConfigurationPlatforms) = postSolution
		{5B36C008-E945-41AC-9653-8DD6E62B40F8}.Debug|Any CPU.ActiveCfg = Debug|Any CPU
		{5B36C008-E945-41AC-9653-8DD6E62B40F8}.Debug|Any CPU.Build.0 = Debug|Any CPU
		{5B36C008-E945-41AC-9653-8DD6E62B40F8}.Release|Any CPU.ActiveCfg = Release|Any CPU
		{5B36C008-E945-41AC-9653-8DD6E62B40F8}.Release|Any CPU.Build.0 = Release|Any CPU
		{BAE62ACC-6DC7-4CE7-8661-76CFFDC7B611}.Debug|Any CPU.ActiveCfg = Debug|Any CPU
		{BAE62ACC-6DC7-4CE7-8661-76CFFDC7B611}.Debug|Any CPU.Build.0 = Debug|Any CPU
		{BAE62ACC-6DC7-4CE7-8661-76CFFDC7B611}.Release|Any CPU.ActiveCfg = Release|Any CPU
		{BAE62ACC-6DC7-4CE7-8661-76CFFDC7B611}.Release|Any CPU.Build.0 = Release|Any CPU
	EndGlobalSection
	GlobalSection(SolutionProperties) = preSolution
		HideSolutionNode = FALSE
	EndGlobalSection
EndGlobal
